
Microsoft Visual Studio Solution File, Format Version 12.00
# Visual Studio 15
VisualStudioVersion = 15.0.27703.2042
MinimumVisualStudioVersion = 10.0.40219.1
Project("{FAE04EC0-301F-11D3-BF4B-00C04F79EFBC}") = "IntelligentRetail-Mob.Android", "IntelligentRetail-Mob\IntelligentRetail-Mob.Android\IntelligentRetail-Mob.Android.csproj", "{C9184C18-6A40-42E3-96EC-20F3104AB721}"
EndProject
Project("{FAE04EC0-301F-11D3-BF4B-00C04F79EFBC}") = "IntelligentRetail-Mob.iOS", "IntelligentRetail-Mob\IntelligentRetail-Mob.iOS\IntelligentRetail-Mob.iOS.csproj", "{ED4765A1-07BB-4376-B31D-3701B50217AB}"
EndProject
Project("{FAE04EC0-301F-11D3-BF4B-00C04F79EFBC}") = "IntelligentRetail-Mob.UWP", "IntelligentRetail-Mob\IntelligentRetail-Mob.UWP\IntelligentRetail-Mob.UWP.csproj", "{0224E3E0-93BD-4A66-BFA3-E9147334F0D3}"
EndProject
Project("{FAE04EC0-301F-11D3-BF4B-00C04F79EFBC}") = "IntelligentRetail-Mob", "IntelligentRetail-Mob\IntelligentRetail-Mob\IntelligentRetail-Mob.csproj", "{364B3CB6-BF0D-4A6A-BCEC-060E9846089D}"
EndProject
Global
	GlobalSection(SolutionConfigurationPlatforms) = preSolution
		Debug|Any CPU = Debug|Any CPU
		Debug|ARM = Debug|ARM
		Debug|iPhone = Debug|iPhone
		Debug|iPhoneSimulator = Debug|iPhoneSimulator
		Debug|x64 = Debug|x64
		Debug|x86 = Debug|x86
		Release|Any CPU = Release|Any CPU
		Release|ARM = Release|ARM
		Release|iPhone = Release|iPhone
		Release|iPhoneSimulator = Release|iPhoneSimulator
		Release|x64 = Release|x64
		Release|x86 = Release|x86
	EndGlobalSection
	GlobalSection(ProjectConfigurationPlatforms) = postSolution
		{C9184C18-6A40-42E3-96EC-20F3104AB721}.Debug|Any CPU.ActiveCfg = Debug|Any CPU
		{C9184C18-6A40-42E3-96EC-20F3104AB721}.Debug|Any CPU.Build.0 = Debug|Any CPU
		{C9184C18-6A40-42E3-96EC-20F3104AB721}.Debug|Any CPU.Deploy.0 = Debug|Any CPU
		{C9184C18-6A40-42E3-96EC-20F3104AB721}.Debug|ARM.ActiveCfg = Debug|Any CPU
		{C9184C18-6A40-42E3-96EC-20F3104AB721}.Debug|ARM.Build.0 = Debug|Any CPU
		{C9184C18-6A40-42E3-96EC-20F3104AB721}.Debug|ARM.Deploy.0 = Debug|Any CPU
		{C9184C18-6A40-42E3-96EC-20F3104AB721}.Debug|iPhone.ActiveCfg = Debug|Any CPU
		{C9184C18-6A40-42E3-96EC-20F3104AB721}.Debug|iPhone.Build.0 = Debug|Any CPU
		{C9184C18-6A40-42E3-96EC-20F3104AB721}.Debug|iPhone.Deploy.0 = Debug|Any CPU
		{C9184C18-6A40-42E3-96EC-20F3104AB721}.Debug|iPhoneSimulator.ActiveCfg = Debug|Any CPU
		{C9184C18-6A40-42E3-96EC-20F3104AB721}.Debug|iPhoneSimulator.Build.0 = Debug|Any CPU
		{C9184C18-6A40-42E3-96EC-20F3104AB721}.Debug|iPhoneSimulator.Deploy.0 = Debug|Any CPU
		{C9184C18-6A40-42E3-96EC-20F3104AB721}.Debug|x64.ActiveCfg = Debug|Any CPU
		{C9184C18-6A40-42E3-96EC-20F3104AB721}.Debug|x64.Build.0 = Debug|Any CPU
		{C9184C18-6A40-42E3-96EC-20F3104AB721}.Debug|x64.Deploy.0 = Debug|Any CPU
		{C9184C18-6A40-42E3-96EC-20F3104AB721}.Debug|x86.ActiveCfg = Debug|Any CPU
		{C9184C18-6A40-42E3-96EC-20F3104AB721}.Debug|x86.Build.0 = Debug|Any CPU
		{C9184C18-6A40-42E3-96EC-20F3104AB721}.Debug|x86.Deploy.0 = Debug|Any CPU
		{C9184C18-6A40-42E3-96EC-20F3104AB721}.Release|Any CPU.ActiveCfg = Release|Any CPU
		{C9184C18-6A40-42E3-96EC-20F3104AB721}.Release|Any CPU.Build.0 = Release|Any CPU
		{C9184C18-6A40-42E3-96EC-20F3104AB721}.Release|Any CPU.Deploy.0 = Release|Any CPU
		{C9184C18-6A40-42E3-96EC-20F3104AB721}.Release|ARM.ActiveCfg = Release|Any CPU
		{C9184C18-6A40-42E3-96EC-20F3104AB721}.Release|ARM.Build.0 = Release|Any CPU
		{C9184C18-6A40-42E3-96EC-20F3104AB721}.Release|ARM.Deploy.0 = Release|Any CPU
		{C9184C18-6A40-42E3-96EC-20F3104AB721}.Release|iPhone.ActiveCfg = Release|Any CPU
		{C9184C18-6A40-42E3-96EC-20F3104AB721}.Release|iPhone.Build.0 = Release|Any CPU
		{C9184C18-6A40-42E3-96EC-20F3104AB721}.Release|iPhone.Deploy.0 = Release|Any CPU
		{C9184C18-6A40-42E3-96EC-20F3104AB721}.Release|iPhoneSimulator.ActiveCfg = Release|Any CPU
		{C9184C18-6A40-42E3-96EC-20F3104AB721}.Release|iPhoneSimulator.Build.0 = Release|Any CPU
		{C9184C18-6A40-42E3-96EC-20F3104AB721}.Release|iPhoneSimulator.Deploy.0 = Release|Any CPU
		{C9184C18-6A40-42E3-96EC-20F3104AB721}.Release|x64.ActiveCfg = Release|Any CPU
		{C9184C18-6A40-42E3-96EC-20F3104AB721}.Release|x64.Build.0 = Release|Any CPU
		{C9184C18-6A40-42E3-96EC-20F3104AB721}.Release|x64.Deploy.0 = Release|Any CPU
		{C9184C18-6A40-42E3-96EC-20F3104AB721}.Release|x86.ActiveCfg = Release|Any CPU
		{C9184C18-6A40-42E3-96EC-20F3104AB721}.Release|x86.Build.0 = Release|Any CPU
		{C9184C18-6A40-42E3-96EC-20F3104AB721}.Release|x86.Deploy.0 = Release|Any CPU
		{ED4765A1-07BB-4376-B31D-3701B50217AB}.Debug|Any CPU.ActiveCfg = Debug|iPhoneSimulator
		{ED4765A1-07BB-4376-B31D-3701B50217AB}.Debug|Any CPU.Build.0 = Debug|iPhoneSimulator
		{ED4765A1-07BB-4376-B31D-3701B50217AB}.Debug|Any CPU.Deploy.0 = Debug|iPhoneSimulator
		{ED4765A1-07BB-4376-B31D-3701B50217AB}.Debug|ARM.ActiveCfg = Debug|iPhone
		{ED4765A1-07BB-4376-B31D-3701B50217AB}.Debug|ARM.Build.0 = Debug|iPhone
		{ED4765A1-07BB-4376-B31D-3701B50217AB}.Debug|ARM.Deploy.0 = Debug|iPhone
		{ED4765A1-07BB-4376-B31D-3701B50217AB}.Debug|iPhone.ActiveCfg = Debug|iPhone
		{ED4765A1-07BB-4376-B31D-3701B50217AB}.Debug|iPhone.Build.0 = Debug|iPhone
		{ED4765A1-07BB-4376-B31D-3701B50217AB}.Debug|iPhone.Deploy.0 = Debug|iPhone
		{ED4765A1-07BB-4376-B31D-3701B50217AB}.Debug|iPhoneSimulator.ActiveCfg = Debug|iPhoneSimulator
		{ED4765A1-07BB-4376-B31D-3701B50217AB}.Debug|iPhoneSimulator.Build.0 = Debug|iPhoneSimulator
		{ED4765A1-07BB-4376-B31D-3701B50217AB}.Debug|iPhoneSimulator.Deploy.0 = Debug|iPhoneSimulator
		{ED4765A1-07BB-4376-B31D-3701B50217AB}.Debug|x64.ActiveCfg = Debug|iPhone
		{ED4765A1-07BB-4376-B31D-3701B50217AB}.Debug|x64.Build.0 = Debug|iPhone
		{ED4765A1-07BB-4376-B31D-3701B50217AB}.Debug|x64.Deploy.0 = Debug|iPhone
		{ED4765A1-07BB-4376-B31D-3701B50217AB}.Debug|x86.ActiveCfg = Debug|iPhone
		{ED4765A1-07BB-4376-B31D-3701B50217AB}.Debug|x86.Build.0 = Debug|iPhone
		{ED4765A1-07BB-4376-B31D-3701B50217AB}.Debug|x86.Deploy.0 = Debug|iPhone
		{ED4765A1-07BB-4376-B31D-3701B50217AB}.Release|Any CPU.ActiveCfg = Release|iPhone
		{ED4765A1-07BB-4376-B31D-3701B50217AB}.Release|Any CPU.Build.0 = Release|iPhone
		{ED4765A1-07BB-4376-B31D-3701B50217AB}.Release|Any CPU.Deploy.0 = Release|iPhone
		{ED4765A1-07BB-4376-B31D-3701B50217AB}.Release|ARM.ActiveCfg = Release|iPhone
		{ED4765A1-07BB-4376-B31D-3701B50217AB}.Release|ARM.Build.0 = Release|iPhone
		{ED4765A1-07BB-4376-B31D-3701B50217AB}.Release|ARM.Deploy.0 = Release|iPhone
		{ED4765A1-07BB-4376-B31D-3701B50217AB}.Release|iPhone.ActiveCfg = Release|iPhone
		{ED4765A1-07BB-4376-B31D-3701B50217AB}.Release|iPhone.Build.0 = Release|iPhone
		{ED4765A1-07BB-4376-B31D-3701B50217AB}.Release|iPhone.Deploy.0 = Release|iPhone
		{ED4765A1-07BB-4376-B31D-3701B50217AB}.Release|iPhoneSimulator.ActiveCfg = Release|iPhoneSimulator
		{ED4765A1-07BB-4376-B31D-3701B50217AB}.Release|iPhoneSimulator.Build.0 = Release|iPhoneSimulator
		{ED4765A1-07BB-4376-B31D-3701B50217AB}.Release|iPhoneSimulator.Deploy.0 = Release|iPhoneSimulator
		{ED4765A1-07BB-4376-B31D-3701B50217AB}.Release|x64.ActiveCfg = Release|iPhone
		{ED4765A1-07BB-4376-B31D-3701B50217AB}.Release|x64.Build.0 = Release|iPhone
		{ED4765A1-07BB-4376-B31D-3701B50217AB}.Release|x64.Deploy.0 = Release|iPhone
		{ED4765A1-07BB-4376-B31D-3701B50217AB}.Release|x86.ActiveCfg = Release|iPhone
		{ED4765A1-07BB-4376-B31D-3701B50217AB}.Release|x86.Build.0 = Release|iPhone
		{ED4765A1-07BB-4376-B31D-3701B50217AB}.Release|x86.Deploy.0 = Release|iPhone
		{0224E3E0-93BD-4A66-BFA3-E9147334F0D3}.Debug|Any CPU.ActiveCfg = Debug|x86
		{0224E3E0-93BD-4A66-BFA3-E9147334F0D3}.Debug|Any CPU.Build.0 = Debug|x86
		{0224E3E0-93BD-4A66-BFA3-E9147334F0D3}.Debug|Any CPU.Deploy.0 = Debug|x86
		{0224E3E0-93BD-4A66-BFA3-E9147334F0D3}.Debug|ARM.ActiveCfg = Debug|ARM
		{0224E3E0-93BD-4A66-BFA3-E9147334F0D3}.Debug|ARM.Build.0 = Debug|ARM
		{0224E3E0-93BD-4A66-BFA3-E9147334F0D3}.Debug|ARM.Deploy.0 = Debug|ARM
		{0224E3E0-93BD-4A66-BFA3-E9147334F0D3}.Debug|iPhone.ActiveCfg = Debug|x86
		{0224E3E0-93BD-4A66-BFA3-E9147334F0D3}.Debug|iPhone.Build.0 = Debug|x86
		{0224E3E0-93BD-4A66-BFA3-E9147334F0D3}.Debug|iPhone.Deploy.0 = Debug|x86
		{0224E3E0-93BD-4A66-BFA3-E9147334F0D3}.Debug|iPhoneSimulator.ActiveCfg = Debug|x86
		{0224E3E0-93BD-4A66-BFA3-E9147334F0D3}.Debug|iPhoneSimulator.Build.0 = Debug|x86
		{0224E3E0-93BD-4A66-BFA3-E9147334F0D3}.Debug|iPhoneSimulator.Deploy.0 = Debug|x86
		{0224E3E0-93BD-4A66-BFA3-E9147334F0D3}.Debug|x64.ActiveCfg = Debug|x64
		{0224E3E0-93BD-4A66-BFA3-E9147334F0D3}.Debug|x64.Build.0 = Debug|x64
		{0224E3E0-93BD-4A66-BFA3-E9147334F0D3}.Debug|x64.Deploy.0 = Debug|x64
		{0224E3E0-93BD-4A66-BFA3-E9147334F0D3}.Debug|x86.ActiveCfg = Debug|x86
		{0224E3E0-93BD-4A66-BFA3-E9147334F0D3}.Debug|x86.Build.0 = Debug|x86
		{0224E3E0-93BD-4A66-BFA3-E9147334F0D3}.Debug|x86.Deploy.0 = Debug|x86
		{0224E3E0-93BD-4A66-BFA3-E9147334F0D3}.Release|Any CPU.ActiveCfg = Release|x86
		{0224E3E0-93BD-4A66-BFA3-E9147334F0D3}.Release|Any CPU.Build.0 = Release|x86
		{0224E3E0-93BD-4A66-BFA3-E9147334F0D3}.Release|Any CPU.Deploy.0 = Release|x86
		{0224E3E0-93BD-4A66-BFA3-E9147334F0D3}.Release|ARM.ActiveCfg = Release|ARM
		{0224E3E0-93BD-4A66-BFA3-E9147334F0D3}.Release|ARM.Build.0 = Release|ARM
		{0224E3E0-93BD-4A66-BFA3-E9147334F0D3}.Release|ARM.Deploy.0 = Release|ARM
		{0224E3E0-93BD-4A66-BFA3-E9147334F0D3}.Release|iPhone.ActiveCfg = Release|x86
		{0224E3E0-93BD-4A66-BFA3-E9147334F0D3}.Release|iPhone.Build.0 = Release|x86
		{0224E3E0-93BD-4A66-BFA3-E9147334F0D3}.Release|iPhone.Deploy.0 = Release|x86
		{0224E3E0-93BD-4A66-BFA3-E9147334F0D3}.Release|iPhoneSimulator.ActiveCfg = Release|x86
		{0224E3E0-93BD-4A66-BFA3-E9147334F0D3}.Release|iPhoneSimulator.Build.0 = Release|x86
		{0224E3E0-93BD-4A66-BFA3-E9147334F0D3}.Release|iPhoneSimulator.Deploy.0 = Release|x86
		{0224E3E0-93BD-4A66-BFA3-E9147334F0D3}.Release|x64.ActiveCfg = Release|x64
		{0224E3E0-93BD-4A66-BFA3-E9147334F0D3}.Release|x64.Build.0 = Release|x64
		{0224E3E0-93BD-4A66-BFA3-E9147334F0D3}.Release|x64.Deploy.0 = Release|x64
		{0224E3E0-93BD-4A66-BFA3-E9147334F0D3}.Release|x86.ActiveCfg = Release|x86
		{0224E3E0-93BD-4A66-BFA3-E9147334F0D3}.Release|x86.Build.0 = Release|x86
		{0224E3E0-93BD-4A66-BFA3-E9147334F0D3}.Release|x86.Deploy.0 = Release|x86
		{364B3CB6-BF0D-4A6A-BCEC-060E9846089D}.Debug|Any CPU.ActiveCfg = Debug|Any CPU
		{364B3CB6-BF0D-4A6A-BCEC-060E9846089D}.Debug|Any CPU.Build.0 = Debug|Any CPU
		{364B3CB6-BF0D-4A6A-BCEC-060E9846089D}.Debug|Any CPU.Deploy.0 = Debug|Any CPU
		{364B3CB6-BF0D-4A6A-BCEC-060E9846089D}.Debug|ARM.ActiveCfg = Debug|Any CPU
		{364B3CB6-BF0D-4A6A-BCEC-060E9846089D}.Debug|ARM.Build.0 = Debug|Any CPU
		{364B3CB6-BF0D-4A6A-BCEC-060E9846089D}.Debug|ARM.Deploy.0 = Debug|Any CPU
		{364B3CB6-BF0D-4A6A-BCEC-060E9846089D}.Debug|iPhone.ActiveCfg = Debug|Any CPU
		{364B3CB6-BF0D-4A6A-BCEC-060E9846089D}.Debug|iPhone.Build.0 = Debug|Any CPU
		{364B3CB6-BF0D-4A6A-BCEC-060E9846089D}.Debug|iPhone.Deploy.0 = Debug|Any CPU
		{364B3CB6-BF0D-4A6A-BCEC-060E9846089D}.Debug|iPhoneSimulator.ActiveCfg = Debug|Any CPU
		{364B3CB6-BF0D-4A6A-BCEC-060E9846089D}.Debug|iPhoneSimulator.Build.0 = Debug|Any CPU
		{364B3CB6-BF0D-4A6A-BCEC-060E9846089D}.Debug|iPhoneSimulator.Deploy.0 = Debug|Any CPU
		{364B3CB6-BF0D-4A6A-BCEC-060E9846089D}.Debug|x64.ActiveCfg = Debug|Any CPU
		{364B3CB6-BF0D-4A6A-BCEC-060E9846089D}.Debug|x64.Build.0 = Debug|Any CPU
		{364B3CB6-BF0D-4A6A-BCEC-060E9846089D}.Debug|x64.Deploy.0 = Debug|Any CPU
		{364B3CB6-BF0D-4A6A-BCEC-060E9846089D}.Debug|x86.ActiveCfg = Debug|Any CPU
		{364B3CB6-BF0D-4A6A-BCEC-060E9846089D}.Debug|x86.Build.0 = Debug|Any CPU
		{364B3CB6-BF0D-4A6A-BCEC-060E9846089D}.Debug|x86.Deploy.0 = Debug|Any CPU
		{364B3CB6-BF0D-4A6A-BCEC-060E9846089D}.Release|Any CPU.ActiveCfg = Release|Any CPU
		{364B3CB6-BF0D-4A6A-BCEC-060E9846089D}.Release|Any CPU.Build.0 = Release|Any CPU
		{364B3CB6-BF0D-4A6A-BCEC-060E9846089D}.Release|Any CPU.Deploy.0 = Release|Any CPU
		{364B3CB6-BF0D-4A6A-BCEC-060E9846089D}.Release|ARM.ActiveCfg = Release|Any CPU
		{364B3CB6-BF0D-4A6A-BCEC-060E9846089D}.Release|ARM.Build.0 = Release|Any CPU
		{364B3CB6-BF0D-4A6A-BCEC-060E9846089D}.Release|ARM.Deploy.0 = Release|Any CPU
		{364B3CB6-BF0D-4A6A-BCEC-060E9846089D}.Release|iPhone.ActiveCfg = Release|Any CPU
		{364B3CB6-BF0D-4A6A-BCEC-060E9846089D}.Release|iPhone.Build.0 = Release|Any CPU
		{364B3CB6-BF0D-4A6A-BCEC-060E9846089D}.Release|iPhone.Deploy.0 = Release|Any CPU
		{364B3CB6-BF0D-4A6A-BCEC-060E9846089D}.Release|iPhoneSimulator.ActiveCfg = Release|Any CPU
		{364B3CB6-BF0D-4A6A-BCEC-060E9846089D}.Release|iPhoneSimulator.Build.0 = Release|Any CPU
		{364B3CB6-BF0D-4A6A-BCEC-060E9846089D}.Release|iPhoneSimulator.Deploy.0 = Release|Any CPU
		{364B3CB6-BF0D-4A6A-BCEC-060E9846089D}.Release|x64.ActiveCfg = Release|Any CPU
		{364B3CB6-BF0D-4A6A-BCEC-060E9846089D}.Release|x64.Build.0 = Release|Any CPU
		{364B3CB6-BF0D-4A6A-BCEC-060E9846089D}.Release|x64.Deploy.0 = Release|Any CPU
		{364B3CB6-BF0D-4A6A-BCEC-060E9846089D}.Release|x86.ActiveCfg = Release|Any CPU
		{364B3CB6-BF0D-4A6A-BCEC-060E9846089D}.Release|x86.Build.0 = Release|Any CPU
		{364B3CB6-BF0D-4A6A-BCEC-060E9846089D}.Release|x86.Deploy.0 = Release|Any CPU
	EndGlobalSection
	GlobalSection(SolutionProperties) = preSolution
		HideSolutionNode = FALSE
	EndGlobalSection
	GlobalSection(ExtensibilityGlobals) = postSolution
		SolutionGuid = {FFED32F5-51DB-4904-88E6-C8C177762A77}
	EndGlobalSection
EndGlobal
